
Microsoft Visual Studio Solution File, Format Version 12.00
# Visual Studio Version 17
VisualStudioVersion = 17.5.002.0
MinimumVisualStudioVersion = 10.0.40219.1
Project("{9A19103F-16F7-4668-BE54-9A1E7A4F7556}") = "ProductsAPI", "ProductsAPI.csproj", "{16634352-F39C-4050-B22D-6E5CD97B0CD4}"
EndProject
Global
	GlobalSection(SolutionConfigurationPlatforms) = preSolution
		Debug|Any CPU = Debug|Any CPU
		Release|Any CPU = Release|Any CPU
	EndGlobalSection
	GlobalSection(ProjectConfigurationPlatforms) = postSolution
		{16634352-F39C-4050-B22D-6E5CD97B0CD4}.Debug|Any CPU.ActiveCfg = Debug|Any CPU
		{16634352-F39C-4050-B22D-6E5CD97B0CD4}.Debug|Any CPU.Build.0 = Debug|Any CPU
		{16634352-F39C-4050-B22D-6E5CD97B0CD4}.Release|Any CPU.ActiveCfg = Release|Any CPU
		{16634352-F39C-4050-B22D-6E5CD97B0CD4}.Release|Any CPU.Build.0 = Release|Any CPU
	EndGlobalSection
	GlobalSection(SolutionProperties) = preSolution
		HideSolutionNode = FALSE
	EndGlobalSection
	GlobalSection(ExtensibilityGlobals) = postSolution
		SolutionGuid = {6A6A6E22-D348-476F-8A0E-55B19D3FA36C}
	EndGlobalSection
EndGlobal
